
Microsoft Visual Studio Solution File, Format Version 12.00
# Visual Studio Version 17
VisualStudioVersion = 17.2.32630.192
MinimumVisualStudioVersion = 10.0.40219.1
Project("{9A19103F-16F7-4668-BE54-9A1E7A4F7556}") = "SwervesBar", "SwervesBar.csproj", "{B62940D0-40C9-4740-BE52-0180C0BEE59D}"
EndProject
Global
	GlobalSection(SolutionConfigurationPlatforms) = preSolution
		Debug|Any CPU = Debug|Any CPU
		Release|Any CPU = Release|Any CPU
	EndGlobalSection
	GlobalSection(ProjectConfigurationPlatforms) = postSolution
		{B62940D0-40C9-4740-BE52-0180C0BEE59D}.Debug|Any CPU.ActiveCfg = Debug|Any CPU
		{B62940D0-40C9-4740-BE52-0180C0BEE59D}.Debug|Any CPU.Build.0 = Debug|Any CPU
		{B62940D0-40C9-4740-BE52-0180C0BEE59D}.Release|Any CPU.ActiveCfg = Release|Any CPU
		{B62940D0-40C9-4740-BE52-0180C0BEE59D}.Release|Any CPU.Build.0 = Release|Any CPU
	EndGlobalSection
	GlobalSection(SolutionProperties) = preSolution
		HideSolutionNode = FALSE
	EndGlobalSection
	GlobalSection(ExtensibilityGlobals) = postSolution
		SolutionGuid = {576D7B0F-80D1-4BEE-AC1A-923B20D0C404}
	EndGlobalSection
EndGlobal
