
Microsoft Visual Studio Solution File, Format Version 12.00
# Visual Studio Version 16
VisualStudioVersion = 16.0.31205.134
MinimumVisualStudioVersion = 10.0.40219.1
Project("{FAE04EC0-301F-11D3-BF4B-00C04F79EFBC}") = "SwervesBar.Server", "Server\SwervesBar.Server.csproj", "{3CB8265C-DBC7-4075-AB5D-B5266F9ACF41}"
EndProject
Project("{FAE04EC0-301F-11D3-BF4B-00C04F79EFBC}") = "SwervesBar.Client", "Client\SwervesBar.Client.csproj", "{207267AE-BDB8-4CD5-A096-D45B416890BE}"
EndProject
Project("{FAE04EC0-301F-11D3-BF4B-00C04F79EFBC}") = "SwervesBar.Shared", "Shared\SwervesBar.Shared.csproj", "{C3BF89AA-7341-4E0A-BBB1-05B506BE8B95}"
EndProject
Global
	GlobalSection(SolutionConfigurationPlatforms) = preSolution
		Debug|Any CPU = Debug|Any CPU
		Release|Any CPU = Release|Any CPU
	EndGlobalSection
	GlobalSection(ProjectConfigurationPlatforms) = postSolution
		{3CB8265C-DBC7-4075-AB5D-B5266F9ACF41}.Debug|Any CPU.ActiveCfg = Debug|Any CPU
		{3CB8265C-DBC7-4075-AB5D-B5266F9ACF41}.Debug|Any CPU.Build.0 = Debug|Any CPU
		{3CB8265C-DBC7-4075-AB5D-B5266F9ACF41}.Release|Any CPU.ActiveCfg = Release|Any CPU
		{3CB8265C-DBC7-4075-AB5D-B5266F9ACF41}.Release|Any CPU.Build.0 = Release|Any CPU
		{207267AE-BDB8-4CD5-A096-D45B416890BE}.Debug|Any CPU.ActiveCfg = Debug|Any CPU
		{207267AE-BDB8-4CD5-A096-D45B416890BE}.Debug|Any CPU.Build.0 = Debug|Any CPU
		{207267AE-BDB8-4CD5-A096-D45B416890BE}.Release|Any CPU.ActiveCfg = Release|Any CPU
		{207267AE-BDB8-4CD5-A096-D45B416890BE}.Release|Any CPU.Build.0 = Release|Any CPU
		{C3BF89AA-7341-4E0A-BBB1-05B506BE8B95}.Debug|Any CPU.ActiveCfg = Debug|Any CPU
		{C3BF89AA-7341-4E0A-BBB1-05B506BE8B95}.Debug|Any CPU.Build.0 = Debug|Any CPU
		{C3BF89AA-7341-4E0A-BBB1-05B506BE8B95}.Release|Any CPU.ActiveCfg = Release|Any CPU
		{C3BF89AA-7341-4E0A-BBB1-05B506BE8B95}.Release|Any CPU.Build.0 = Release|Any CPU
	EndGlobalSection
	GlobalSection(SolutionProperties) = preSolution
		HideSolutionNode = FALSE
	EndGlobalSection
	GlobalSection(ExtensibilityGlobals) = postSolution
		SolutionGuid = {CF1A3C28-1EEC-4A28-BD4D-A319F4F6359D}
	EndGlobalSection
EndGlobal
